
Microsoft Visual Studio Solution File, Format Version 12.00
# Visual Studio Version 17
VisualStudioVersion = 17.0.31903.59
MinimumVisualStudioVersion = 10.0.40219.1
Project("{FAE04EC0-301F-11D3-BF4B-00C04F79EFBC}") = "Supplement1_P5", "Supplement1_P5\Supplement1_P5.csproj", "{5B7FF3CE-B2CF-4EEE-A92D-7D89A1D55B89}"
EndProject
Project("{FAE04EC0-301F-11D3-BF4B-00C04F79EFBC}") = "Supplement1_P5.Tests", "Supplement1_P5.Tests\Supplement1_P5.Tests.csproj", "{21332ABB-3357-4C3F-8E1A-6CD583B39BD0}"
EndProject
Global
	GlobalSection(SolutionConfigurationPlatforms) = preSolution
		Debug|Any CPU = Debug|Any CPU
		Release|Any CPU = Release|Any CPU
	EndGlobalSection
	GlobalSection(SolutionProperties) = preSolution
		HideSolutionNode = FALSE
	EndGlobalSection
	GlobalSection(ProjectConfigurationPlatforms) = postSolution
		{5B7FF3CE-B2CF-4EEE-A92D-7D89A1D55B89}.Debug|Any CPU.ActiveCfg = Debug|Any CPU
		{5B7FF3CE-B2CF-4EEE-A92D-7D89A1D55B89}.Debug|Any CPU.Build.0 = Debug|Any CPU
		{5B7FF3CE-B2CF-4EEE-A92D-7D89A1D55B89}.Release|Any CPU.ActiveCfg = Release|Any CPU
		{5B7FF3CE-B2CF-4EEE-A92D-7D89A1D55B89}.Release|Any CPU.Build.0 = Release|Any CPU
		{21332ABB-3357-4C3F-8E1A-6CD583B39BD0}.Debug|Any CPU.ActiveCfg = Debug|Any CPU
		{21332ABB-3357-4C3F-8E1A-6CD583B39BD0}.Debug|Any CPU.Build.0 = Debug|Any CPU
		{21332ABB-3357-4C3F-8E1A-6CD583B39BD0}.Release|Any CPU.ActiveCfg = Release|Any CPU
		{21332ABB-3357-4C3F-8E1A-6CD583B39BD0}.Release|Any CPU.Build.0 = Release|Any CPU
	EndGlobalSection
EndGlobal
